
Microsoft Visual Studio Solution File, Format Version 12.00
# Visual Studio Version 17
VisualStudioVersion = 17.3.32922.545
MinimumVisualStudioVersion = 10.0.40219.1
Project("{FAE04EC0-301F-11D3-BF4B-00C04F79EFBC}") = "ExamenCapicua", "ExamenCapicua\ExamenCapicua.csproj", "{32D5409A-1713-4546-8989-4EAA375C56F4}"
EndProject
Global
	GlobalSection(SolutionConfigurationPlatforms) = preSolution
		Debug|Any CPU = Debug|Any CPU
		Release|Any CPU = Release|Any CPU
	EndGlobalSection
	GlobalSection(ProjectConfigurationPlatforms) = postSolution
		{32D5409A-1713-4546-8989-4EAA375C56F4}.Debug|Any CPU.ActiveCfg = Debug|Any CPU
		{32D5409A-1713-4546-8989-4EAA375C56F4}.Debug|Any CPU.Build.0 = Debug|Any CPU
		{32D5409A-1713-4546-8989-4EAA375C56F4}.Release|Any CPU.ActiveCfg = Release|Any CPU
		{32D5409A-1713-4546-8989-4EAA375C56F4}.Release|Any CPU.Build.0 = Release|Any CPU
	EndGlobalSection
	GlobalSection(SolutionProperties) = preSolution
		HideSolutionNode = FALSE
	EndGlobalSection
	GlobalSection(ExtensibilityGlobals) = postSolution
		SolutionGuid = {45AE678B-56DB-40DE-A6EF-41ADE90EDFC2}
	EndGlobalSection
EndGlobal
